
Microsoft Visual Studio Solution File, Format Version 12.00
# Visual Studio 15
VisualStudioVersion = 15.0.28307.539
MinimumVisualStudioVersion = 10.0.40219.1
Project("{FAE04EC0-301F-11D3-BF4B-00C04F79EFBC}") = "GuiaPractica4MC", "GuiaPractica4MC\GuiaPractica4MC.csproj", "{A5668ABA-48B6-46DE-9562-46DE37D37081}"
EndProject
Global
	GlobalSection(SolutionConfigurationPlatforms) = preSolution
		Debug|Any CPU = Debug|Any CPU
		Release|Any CPU = Release|Any CPU
	EndGlobalSection
	GlobalSection(ProjectConfigurationPlatforms) = postSolution
		{A5668ABA-48B6-46DE-9562-46DE37D37081}.Debug|Any CPU.ActiveCfg = Debug|Any CPU
		{A5668ABA-48B6-46DE-9562-46DE37D37081}.Debug|Any CPU.Build.0 = Debug|Any CPU
		{A5668ABA-48B6-46DE-9562-46DE37D37081}.Release|Any CPU.ActiveCfg = Release|Any CPU
		{A5668ABA-48B6-46DE-9562-46DE37D37081}.Release|Any CPU.Build.0 = Release|Any CPU
	EndGlobalSection
	GlobalSection(SolutionProperties) = preSolution
		HideSolutionNode = FALSE
	EndGlobalSection
	GlobalSection(ExtensibilityGlobals) = postSolution
		SolutionGuid = {8780DACF-F12A-4992-B1F3-F9058EC26473}
	EndGlobalSection
EndGlobal
